lockfileVersion: '6.0'

settings:
  autoInstallPeers: true
  excludeLinksFromLockfile: false

importers:

  .:
    devDependencies:
      esbuild:
        specifier: ^0.19.2
        version: registry.npmmirror.com/esbuild@0.19.2
      minimist:
        specifier: ^1.2.8
        version: registry.npmmirror.com/minimist@1.2.8
      typescript:
        specifier: ^5.2.2
        version: registry.npmmirror.com/typescript@5.2.2
      vue:
        specifier: ^3.3.4
        version: registry.npmmirror.com/vue@3.3.4

  packages/reacttivity: {}

  packages/share: {}

packages:

  registry.npmmirror.com/@babel/helper-string-parser@7.22.5:
    resolution: {integrity: sha512-mM4COjgZox8U+JcXQwPijIZLElkgEpO5rsERVDJTc2qfCDfERyob6k5WegS14SX18IIjv+XD+GrqNumY5JRCDw==, registry: http://registry.npm.taobao.org/, tarball: https://registry.npmmirror.com/@babel/helper-string-parser/-/helper-string-parser-7.22.5.tgz}
    name: '@babel/helper-string-parser'
    version: 7.22.5
    engines: {node: '>=6.9.0'}
    dev: true

  registry.npmmirror.com/@babel/helper-validator-identifier@7.22.15:
    resolution: {integrity: sha512-4E/F9IIEi8WR94324mbDUMo074YTheJmd7eZF5vITTeYchqAi6sYXRLHUVsmkdmY4QjfKTcB2jB7dVP3NaBElQ==, registry: http://registry.npm.taobao.org/, tarball: https://registry.npmmirror.com/@babel/helper-validator-identifier/-/helper-validator-identifier-7.22.15.tgz}
    name: '@babel/helper-validator-identifier'
    version: 7.22.15
    engines: {node: '>=6.9.0'}
    dev: true

  registry.npmmirror.com/@babel/parser@7.22.16:
    resolution: {integrity: sha512-+gPfKv8UWeKKeJTUxe59+OobVcrYHETCsORl61EmSkmgymguYk/X5bp7GuUIXaFsc6y++v8ZxPsLSSuujqDphA==, registry: http://registry.npm.taobao.org/, tarball: https://registry.npmmirror.com/@babel/parser/-/parser-7.22.16.tgz}
    name: '@babel/parser'
    version: 7.22.16
    engines: {node: '>=6.0.0'}
    hasBin: true
    dependencies:
      '@babel/types': registry.npmmirror.com/@babel/types@7.22.17
    dev: true

  registry.npmmirror.com/@babel/types@7.22.17:
    resolution: {integrity: sha512-YSQPHLFtQNE5xN9tHuZnzu8vPr61wVTBZdfv1meex1NBosa4iT05k/Jw06ddJugi4bk7The/oSwQGFcksmEJQg==, registry: http://registry.npm.taobao.org/, tarball: https://registry.npmmirror.com/@babel/types/-/types-7.22.17.tgz}
    name: '@babel/types'
    version: 7.22.17
    engines: {node: '>=6.9.0'}
    dependencies:
      '@babel/helper-string-parser': registry.npmmirror.com/@babel/helper-string-parser@7.22.5
      '@babel/helper-validator-identifier': registry.npmmirror.com/@babel/helper-validator-identifier@7.22.15
      to-fast-properties: registry.npmmirror.com/to-fast-properties@2.0.0
    dev: true

  registry.npmmirror.com/@esbuild/android-arm64@0.19.2:
    resolution: {integrity: sha512-lsB65vAbe90I/Qe10OjkmrdxSX4UJDjosDgb8sZUKcg3oefEuW2OT2Vozz8ef7wrJbMcmhvCC+hciF8jY/uAkw==, registry: http://registry.npm.taobao.org/, tarball: https://registry.npmmirror.com/@esbuild/android-arm64/-/android-arm64-0.19.2.tgz}
    name: '@esbuild/android-arm64'
    version: 0.19.2
    engines: {node: '>=12'}
    cpu: [arm64]
    os: [android]
    requiresBuild: true
    dev: true
    optional: true

  registry.npmmirror.com/@esbuild/android-arm@0.19.2:
    resolution: {integrity: sha512-tM8yLeYVe7pRyAu9VMi/Q7aunpLwD139EY1S99xbQkT4/q2qa6eA4ige/WJQYdJ8GBL1K33pPFhPfPdJ/WzT8Q==, registry: http://registry.npm.taobao.org/, tarball: https://registry.npmmirror.com/@esbuild/android-arm/-/android-arm-0.19.2.tgz}
    name: '@esbuild/android-arm'
    version: 0.19.2
    engines: {node: '>=12'}
    cpu: [arm]
    os: [android]
    requiresBuild: true
    dev: true
    optional: true

  registry.npmmirror.com/@esbuild/android-x64@0.19.2:
    resolution: {integrity: sha512-qK/TpmHt2M/Hg82WXHRc/W/2SGo/l1thtDHZWqFq7oi24AjZ4O/CpPSu6ZuYKFkEgmZlFoa7CooAyYmuvnaG8w==, registry: http://registry.npm.taobao.org/, tarball: https://registry.npmmirror.com/@esbuild/android-x64/-/android-x64-0.19.2.tgz}
    name: '@esbuild/android-x64'
    version: 0.19.2
    engines: {node: '>=12'}
    cpu: [x64]
    os: [android]
    requiresBuild: true
    dev: true
    optional: true

  registry.npmmirror.com/@esbuild/darwin-arm64@0.19.2:
    resolution: {integrity: sha512-Ora8JokrvrzEPEpZO18ZYXkH4asCdc1DLdcVy8TGf5eWtPO1Ie4WroEJzwI52ZGtpODy3+m0a2yEX9l+KUn0tA==, registry: http://registry.npm.taobao.org/, tarball: https://registry.npmmirror.com/@esbuild/darwin-arm64/-/darwin-arm64-0.19.2.tgz}
    name: '@esbuild/darwin-arm64'
    version: 0.19.2
    engines: {node: '>=12'}
    cpu: [arm64]
    os: [darwin]
    requiresBuild: true
    dev: true
    optional: true

  registry.npmmirror.com/@esbuild/darwin-x64@0.19.2:
    resolution: {integrity: sha512-tP+B5UuIbbFMj2hQaUr6EALlHOIOmlLM2FK7jeFBobPy2ERdohI4Ka6ZFjZ1ZYsrHE/hZimGuU90jusRE0pwDw==, registry: http://registry.npm.taobao.org/, tarball: https://registry.npmmirror.com/@esbuild/darwin-x64/-/darwin-x64-0.19.2.tgz}
    name: '@esbuild/darwin-x64'
    version: 0.19.2
    engines: {node: '>=12'}
    cpu: [x64]
    os: [darwin]
    requiresBuild: true
    dev: true
    optional: true

  registry.npmmirror.com/@esbuild/freebsd-arm64@0.19.2:
    resolution: {integrity: sha512-YbPY2kc0acfzL1VPVK6EnAlig4f+l8xmq36OZkU0jzBVHcOTyQDhnKQaLzZudNJQyymd9OqQezeaBgkTGdTGeQ==, registry: http://registry.npm.taobao.org/, tarball: https://registry.npmmirror.com/@esbuild/freebsd-arm64/-/freebsd-arm64-0.19.2.tgz}
    name: '@esbuild/freebsd-arm64'
    version: 0.19.2
    engines: {node: '>=12'}
    cpu: [arm64]
    os: [freebsd]
    requiresBuild: true
    dev: true
    optional: true

  registry.npmmirror.com/@esbuild/freebsd-x64@0.19.2:
    resolution: {integrity: sha512-nSO5uZT2clM6hosjWHAsS15hLrwCvIWx+b2e3lZ3MwbYSaXwvfO528OF+dLjas1g3bZonciivI8qKR/Hm7IWGw==, registry: http://registry.npm.taobao.org/, tarball: https://registry.npmmirror.com/@esbuild/freebsd-x64/-/freebsd-x64-0.19.2.tgz}
    name: '@esbuild/freebsd-x64'
    version: 0.19.2
    engines: {node: '>=12'}
    cpu: [x64]
    os: [freebsd]
    requiresBuild: true
    dev: true
    optional: true

  registry.npmmirror.com/@esbuild/linux-arm64@0.19.2:
    resolution: {integrity: sha512-ig2P7GeG//zWlU0AggA3pV1h5gdix0MA3wgB+NsnBXViwiGgY77fuN9Wr5uoCrs2YzaYfogXgsWZbm+HGr09xg==, registry: http://registry.npm.taobao.org/, tarball: https://registry.npmmirror.com/@esbuild/linux-arm64/-/linux-arm64-0.19.2.tgz}
    name: '@esbuild/linux-arm64'
    version: 0.19.2
    engines: {node: '>=12'}
    cpu: [arm64]
    os: [linux]
    requiresBuild: true
    dev: true
    optional: true

  registry.npmmirror.com/@esbuild/linux-arm@0.19.2:
    resolution: {integrity: sha512-Odalh8hICg7SOD7XCj0YLpYCEc+6mkoq63UnExDCiRA2wXEmGlK5JVrW50vZR9Qz4qkvqnHcpH+OFEggO3PgTg==, registry: http://registry.npm.taobao.org/, tarball: https://registry.npmmirror.com/@esbuild/linux-arm/-/linux-arm-0.19.2.tgz}
    name: '@esbuild/linux-arm'
    version: 0.19.2
    engines: {node: '>=12'}
    cpu: [arm]
    os: [linux]
    requiresBuild: true
    dev: true
    optional: true

  registry.npmmirror.com/@esbuild/linux-ia32@0.19.2:
    resolution: {integrity: sha512-mLfp0ziRPOLSTek0Gd9T5B8AtzKAkoZE70fneiiyPlSnUKKI4lp+mGEnQXcQEHLJAcIYDPSyBvsUbKUG2ri/XQ==, registry: http://registry.npm.taobao.org/, tarball: https://registry.npmmirror.com/@esbuild/linux-ia32/-/linux-ia32-0.19.2.tgz}
    name: '@esbuild/linux-ia32'
    version: 0.19.2
    engines: {node: '>=12'}
    cpu: [ia32]
    os: [linux]
    requiresBuild: true
    dev: true
    optional: true

  registry.npmmirror.com/@esbuild/linux-loong64@0.19.2:
    resolution: {integrity: sha512-hn28+JNDTxxCpnYjdDYVMNTR3SKavyLlCHHkufHV91fkewpIyQchS1d8wSbmXhs1fiYDpNww8KTFlJ1dHsxeSw==, registry: http://registry.npm.taobao.org/, tarball: https://registry.npmmirror.com/@esbuild/linux-loong64/-/linux-loong64-0.19.2.tgz}
    name: '@esbuild/linux-loong64'
    version: 0.19.2
    engines: {node: '>=12'}
    cpu: [loong64]
    os: [linux]
    requiresBuild: true
    dev: true
    optional: true

  registry.npmmirror.com/@esbuild/linux-mips64el@0.19.2:
    resolution: {integrity: sha512-KbXaC0Sejt7vD2fEgPoIKb6nxkfYW9OmFUK9XQE4//PvGIxNIfPk1NmlHmMg6f25x57rpmEFrn1OotASYIAaTg==, registry: http://registry.npm.taobao.org/, tarball: https://registry.npmmirror.com/@esbuild/linux-mips64el/-/linux-mips64el-0.19.2.tgz}
    name: '@esbuild/linux-mips64el'
    version: 0.19.2
    engines: {node: '>=12'}
    cpu: [mips64el]
    os: [linux]
    requiresBuild: true
    dev: true
    optional: true

  registry.npmmirror.com/@esbuild/linux-ppc64@0.19.2:
    resolution: {integrity: sha512-dJ0kE8KTqbiHtA3Fc/zn7lCd7pqVr4JcT0JqOnbj4LLzYnp+7h8Qi4yjfq42ZlHfhOCM42rBh0EwHYLL6LEzcw==, registry: http://registry.npm.taobao.org/, tarball: https://registry.npmmirror.com/@esbuild/linux-ppc64/-/linux-ppc64-0.19.2.tgz}
    name: '@esbuild/linux-ppc64'
    version: 0.19.2
    engines: {node: '>=12'}
    cpu: [ppc64]
    os: [linux]
    requiresBuild: true
    dev: true
    optional: true

  registry.npmmirror.com/@esbuild/linux-riscv64@0.19.2:
    resolution: {integrity: sha512-7Z/jKNFufZ/bbu4INqqCN6DDlrmOTmdw6D0gH+6Y7auok2r02Ur661qPuXidPOJ+FSgbEeQnnAGgsVynfLuOEw==, registry: http://registry.npm.taobao.org/, tarball: https://registry.npmmirror.com/@esbuild/linux-riscv64/-/linux-riscv64-0.19.2.tgz}
    name: '@esbuild/linux-riscv64'
    version: 0.19.2
    engines: {node: '>=12'}
    cpu: [riscv64]
    os: [linux]
    requiresBuild: true
    dev: true
    optional: true

  registry.npmmirror.com/@esbuild/linux-s390x@0.19.2:
    resolution: {integrity: sha512-U+RinR6aXXABFCcAY4gSlv4CL1oOVvSSCdseQmGO66H+XyuQGZIUdhG56SZaDJQcLmrSfRmx5XZOWyCJPRqS7g==, registry: http://registry.npm.taobao.org/, tarball: https://registry.npmmirror.com/@esbuild/linux-s390x/-/linux-s390x-0.19.2.tgz}
    name: '@esbuild/linux-s390x'
    version: 0.19.2
    engines: {node: '>=12'}
    cpu: [s390x]
    os: [linux]
    requiresBuild: true
    dev: true
    optional: true

  registry.npmmirror.com/@esbuild/linux-x64@0.19.2:
    resolution: {integrity: sha512-oxzHTEv6VPm3XXNaHPyUTTte+3wGv7qVQtqaZCrgstI16gCuhNOtBXLEBkBREP57YTd68P0VgDgG73jSD8bwXQ==, registry: http://registry.npm.taobao.org/, tarball: https://registry.npmmirror.com/@esbuild/linux-x64/-/linux-x64-0.19.2.tgz}
    name: '@esbuild/linux-x64'
    version: 0.19.2
    engines: {node: '>=12'}
    cpu: [x64]
    os: [linux]
    requiresBuild: true
    dev: true
    optional: true

  registry.npmmirror.com/@esbuild/netbsd-x64@0.19.2:
    resolution: {integrity: sha512-WNa5zZk1XpTTwMDompZmvQLHszDDDN7lYjEHCUmAGB83Bgs20EMs7ICD+oKeT6xt4phV4NDdSi/8OfjPbSbZfQ==, registry: http://registry.npm.taobao.org/, tarball: https://registry.npmmirror.com/@esbuild/netbsd-x64/-/netbsd-x64-0.19.2.tgz}
    name: '@esbuild/netbsd-x64'
    version: 0.19.2
    engines: {node: '>=12'}
    cpu: [x64]
    os: [netbsd]
    requiresBuild: true
    dev: true
    optional: true

  registry.npmmirror.com/@esbuild/openbsd-x64@0.19.2:
    resolution: {integrity: sha512-S6kI1aT3S++Dedb7vxIuUOb3oAxqxk2Rh5rOXOTYnzN8JzW1VzBd+IqPiSpgitu45042SYD3HCoEyhLKQcDFDw==, registry: http://registry.npm.taobao.org/, tarball: https://registry.npmmirror.com/@esbuild/openbsd-x64/-/openbsd-x64-0.19.2.tgz}
    name: '@esbuild/openbsd-x64'
    version: 0.19.2
    engines: {node: '>=12'}
    cpu: [x64]
    os: [openbsd]
    requiresBuild: true
    dev: true
    optional: true

  registry.npmmirror.com/@esbuild/sunos-x64@0.19.2:
    resolution: {integrity: sha512-VXSSMsmb+Z8LbsQGcBMiM+fYObDNRm8p7tkUDMPG/g4fhFX5DEFmjxIEa3N8Zr96SjsJ1woAhF0DUnS3MF3ARw==, registry: http://registry.npm.taobao.org/, tarball: https://registry.npmmirror.com/@esbuild/sunos-x64/-/sunos-x64-0.19.2.tgz}
    name: '@esbuild/sunos-x64'
    version: 0.19.2
    engines: {node: '>=12'}
    cpu: [x64]
    os: [sunos]
    requiresBuild: true
    dev: true
    optional: true

  registry.npmmirror.com/@esbuild/win32-arm64@0.19.2:
    resolution: {integrity: sha512-5NayUlSAyb5PQYFAU9x3bHdsqB88RC3aM9lKDAz4X1mo/EchMIT1Q+pSeBXNgkfNmRecLXA0O8xP+x8V+g/LKg==, registry: http://registry.npm.taobao.org/, tarball: https://registry.npmmirror.com/@esbuild/win32-arm64/-/win32-arm64-0.19.2.tgz}
    name: '@esbuild/win32-arm64'
    version: 0.19.2
    engines: {node: '>=12'}
    cpu: [arm64]
    os: [win32]
    requiresBuild: true
    dev: true
    optional: true

  registry.npmmirror.com/@esbuild/win32-ia32@0.19.2:
    resolution: {integrity: sha512-47gL/ek1v36iN0wL9L4Q2MFdujR0poLZMJwhO2/N3gA89jgHp4MR8DKCmwYtGNksbfJb9JoTtbkoe6sDhg2QTA==, registry: http://registry.npm.taobao.org/, tarball: https://registry.npmmirror.com/@esbuild/win32-ia32/-/win32-ia32-0.19.2.tgz}
    name: '@esbuild/win32-ia32'
    version: 0.19.2
    engines: {node: '>=12'}
    cpu: [ia32]
    os: [win32]
    requiresBuild: true
    dev: true
    optional: true

  registry.npmmirror.com/@esbuild/win32-x64@0.19.2:
    resolution: {integrity: sha512-tcuhV7ncXBqbt/Ybf0IyrMcwVOAPDckMK9rXNHtF17UTK18OKLpg08glminN06pt2WCoALhXdLfSPbVvK/6fxw==, registry: http://registry.npm.taobao.org/, tarball: https://registry.npmmirror.com/@esbuild/win32-x64/-/win32-x64-0.19.2.tgz}
    name: '@esbuild/win32-x64'
    version: 0.19.2
    engines: {node: '>=12'}
    cpu: [x64]
    os: [win32]
    requiresBuild: true
    dev: true
    optional: true

  registry.npmmirror.com/@jridgewell/sourcemap-codec@1.4.15:
    resolution: {integrity: sha512-eF2rxCRulEKXHTRiDrDy6erMYWqNw4LPdQ8UQA4huuxaQsVeRPFl2oM8oDGxMFhJUWZf9McpLtJasDDZb/Bpeg==, registry: http://registry.npm.taobao.org/, tarball: https://registry.npmmirror.com/@jridgewell/sourcemap-codec/-/sourcemap-codec-1.4.15.tgz}
    name: '@jridgewell/sourcemap-codec'
    version: 1.4.15
    dev: true

  registry.npmmirror.com/@vue/compiler-core@3.3.4:
    resolution: {integrity: sha512-cquyDNvZ6jTbf/+x+AgM2Arrp6G4Dzbb0R64jiG804HRMfRiFXWI6kqUVqZ6ZR0bQhIoQjB4+2bhNtVwndW15g==, registry: http://registry.npm.taobao.org/, tarball: https://registry.npmmirror.com/@vue/compiler-core/-/compiler-core-3.3.4.tgz}
    name: '@vue/compiler-core'
    version: 3.3.4
    dependencies:
      '@babel/parser': registry.npmmirror.com/@babel/parser@7.22.16
      '@vue/shared': registry.npmmirror.com/@vue/shared@3.3.4
      estree-walker: registry.npmmirror.com/estree-walker@2.0.2
      source-map-js: registry.npmmirror.com/source-map-js@1.0.2
    dev: true

  registry.npmmirror.com/@vue/compiler-dom@3.3.4:
    resolution: {integrity: sha512-wyM+OjOVpuUukIq6p5+nwHYtj9cFroz9cwkfmP9O1nzH68BenTTv0u7/ndggT8cIQlnBeOo6sUT/gvHcIkLA5w==, registry: http://registry.npm.taobao.org/, tarball: https://registry.npmmirror.com/@vue/compiler-dom/-/compiler-dom-3.3.4.tgz}
    name: '@vue/compiler-dom'
    version: 3.3.4
    dependencies:
      '@vue/compiler-core': registry.npmmirror.com/@vue/compiler-core@3.3.4
      '@vue/shared': registry.npmmirror.com/@vue/shared@3.3.4
    dev: true

  registry.npmmirror.com/@vue/compiler-sfc@3.3.4:
    resolution: {integrity: sha512-6y/d8uw+5TkCuzBkgLS0v3lSM3hJDntFEiUORM11pQ/hKvkhSKZrXW6i69UyXlJQisJxuUEJKAWEqWbWsLeNKQ==, registry: http://registry.npm.taobao.org/, tarball: https://registry.npmmirror.com/@vue/compiler-sfc/-/compiler-sfc-3.3.4.tgz}
    name: '@vue/compiler-sfc'
    version: 3.3.4
    dependencies:
      '@babel/parser': registry.npmmirror.com/@babel/parser@7.22.16
      '@vue/compiler-core': registry.npmmirror.com/@vue/compiler-core@3.3.4
      '@vue/compiler-dom': registry.npmmirror.com/@vue/compiler-dom@3.3.4
      '@vue/compiler-ssr': registry.npmmirror.com/@vue/compiler-ssr@3.3.4
      '@vue/reactivity-transform': registry.npmmirror.com/@vue/reactivity-transform@3.3.4
      '@vue/shared': registry.npmmirror.com/@vue/shared@3.3.4
      estree-walker: registry.npmmirror.com/estree-walker@2.0.2
      magic-string: registry.npmmirror.com/magic-string@0.30.3
      postcss: registry.npmmirror.com/postcss@8.4.29
      source-map-js: registry.npmmirror.com/source-map-js@1.0.2
    dev: true

  registry.npmmirror.com/@vue/compiler-ssr@3.3.4:
    resolution: {integrity: sha512-m0v6oKpup2nMSehwA6Uuu+j+wEwcy7QmwMkVNVfrV9P2qE5KshC6RwOCq8fjGS/Eak/uNb8AaWekfiXxbBB6gQ==, registry: http://registry.npm.taobao.org/, tarball: https://registry.npmmirror.com/@vue/compiler-ssr/-/compiler-ssr-3.3.4.tgz}
    name: '@vue/compiler-ssr'
    version: 3.3.4
    dependencies:
      '@vue/compiler-dom': registry.npmmirror.com/@vue/compiler-dom@3.3.4
      '@vue/shared': registry.npmmirror.com/@vue/shared@3.3.4
    dev: true

  registry.npmmirror.com/@vue/reactivity-transform@3.3.4:
    resolution: {integrity: sha512-MXgwjako4nu5WFLAjpBnCj/ieqcjE2aJBINUNQzkZQfzIZA4xn+0fV1tIYBJvvva3N3OvKGofRLvQIwEQPpaXw==, registry: http://registry.npm.taobao.org/, tarball: https://registry.npmmirror.com/@vue/reactivity-transform/-/reactivity-transform-3.3.4.tgz}
    name: '@vue/reactivity-transform'
    version: 3.3.4
    dependencies:
      '@babel/parser': registry.npmmirror.com/@babel/parser@7.22.16
      '@vue/compiler-core': registry.npmmirror.com/@vue/compiler-core@3.3.4
      '@vue/shared': registry.npmmirror.com/@vue/shared@3.3.4
      estree-walker: registry.npmmirror.com/estree-walker@2.0.2
      magic-string: registry.npmmirror.com/magic-string@0.30.3
    dev: true

  registry.npmmirror.com/@vue/reactivity@3.3.4:
    resolution: {integrity: sha512-kLTDLwd0B1jG08NBF3R5rqULtv/f8x3rOFByTDz4J53ttIQEDmALqKqXY0J+XQeN0aV2FBxY8nJDf88yvOPAqQ==, registry: http://registry.npm.taobao.org/, tarball: https://registry.npmmirror.com/@vue/reactivity/-/reactivity-3.3.4.tgz}
    name: '@vue/reactivity'
    version: 3.3.4
    dependencies:
      '@vue/shared': registry.npmmirror.com/@vue/shared@3.3.4
    dev: true

  registry.npmmirror.com/@vue/runtime-core@3.3.4:
    resolution: {integrity: sha512-R+bqxMN6pWO7zGI4OMlmvePOdP2c93GsHFM/siJI7O2nxFRzj55pLwkpCedEY+bTMgp5miZ8CxfIZo3S+gFqvA==, registry: http://registry.npm.taobao.org/, tarball: https://registry.npmmirror.com/@vue/runtime-core/-/runtime-core-3.3.4.tgz}
    name: '@vue/runtime-core'
    version: 3.3.4
    dependencies:
      '@vue/reactivity': registry.npmmirror.com/@vue/reactivity@3.3.4
      '@vue/shared': registry.npmmirror.com/@vue/shared@3.3.4
    dev: true

  registry.npmmirror.com/@vue/runtime-dom@3.3.4:
    resolution: {integrity: sha512-Aj5bTJ3u5sFsUckRghsNjVTtxZQ1OyMWCr5dZRAPijF/0Vy4xEoRCwLyHXcj4D0UFbJ4lbx3gPTgg06K/GnPnQ==, registry: http://registry.npm.taobao.org/, tarball: https://registry.npmmirror.com/@vue/runtime-dom/-/runtime-dom-3.3.4.tgz}
    name: '@vue/runtime-dom'
    version: 3.3.4
    dependencies:
      '@vue/runtime-core': registry.npmmirror.com/@vue/runtime-core@3.3.4
      '@vue/shared': registry.npmmirror.com/@vue/shared@3.3.4
      csstype: registry.npmmirror.com/csstype@3.1.2
    dev: true

  registry.npmmirror.com/@vue/server-renderer@3.3.4(vue@3.3.4):
    resolution: {integrity: sha512-Q6jDDzR23ViIb67v+vM1Dqntu+HUexQcsWKhhQa4ARVzxOY2HbC7QRW/ggkDBd5BU+uM1sV6XOAP0b216o34JQ==, registry: http://registry.npm.taobao.org/, tarball: https://registry.npmmirror.com/@vue/server-renderer/-/server-renderer-3.3.4.tgz}
    id: registry.npmmirror.com/@vue/server-renderer/3.3.4
    name: '@vue/server-renderer'
    version: 3.3.4
    peerDependencies:
      vue: 3.3.4
    dependencies:
      '@vue/compiler-ssr': registry.npmmirror.com/@vue/compiler-ssr@3.3.4
      '@vue/shared': registry.npmmirror.com/@vue/shared@3.3.4
      vue: registry.npmmirror.com/vue@3.3.4
    dev: true

  registry.npmmirror.com/@vue/shared@3.3.4:
    resolution: {integrity: sha512-7OjdcV8vQ74eiz1TZLzZP4JwqM5fA94K6yntPS5Z25r9HDuGNzaGdgvwKYq6S+MxwF0TFRwe50fIR/MYnakdkQ==, registry: http://registry.npm.taobao.org/, tarball: https://registry.npmmirror.com/@vue/shared/-/shared-3.3.4.tgz}
    name: '@vue/shared'
    version: 3.3.4
    dev: true

  registry.npmmirror.com/csstype@3.1.2:
    resolution: {integrity: sha512-I7K1Uu0MBPzaFKg4nI5Q7Vs2t+3gWWW648spaF+Rg7pI9ds18Ugn+lvg4SHczUdKlHI5LWBXyqfS8+DufyBsgQ==, registry: http://registry.npm.taobao.org/, tarball: https://registry.npmmirror.com/csstype/-/csstype-3.1.2.tgz}
    name: csstype
    version: 3.1.2
    dev: true

  registry.npmmirror.com/esbuild@0.19.2:
    resolution: {integrity: sha512-G6hPax8UbFakEj3hWO0Vs52LQ8k3lnBhxZWomUJDxfz3rZTLqF5k/FCzuNdLx2RbpBiQQF9H9onlDDH1lZsnjg==, registry: http://registry.npm.taobao.org/, tarball: https://registry.npmmirror.com/esbuild/-/esbuild-0.19.2.tgz}
    name: esbuild
    version: 0.19.2
    engines: {node: '>=12'}
    hasBin: true
    requiresBuild: true
    optionalDependencies:
      '@esbuild/android-arm': registry.npmmirror.com/@esbuild/android-arm@0.19.2
      '@esbuild/android-arm64': registry.npmmirror.com/@esbuild/android-arm64@0.19.2
      '@esbuild/android-x64': registry.npmmirror.com/@esbuild/android-x64@0.19.2
      '@esbuild/darwin-arm64': registry.npmmirror.com/@esbuild/darwin-arm64@0.19.2
      '@esbuild/darwin-x64': registry.npmmirror.com/@esbuild/darwin-x64@0.19.2
      '@esbuild/freebsd-arm64': registry.npmmirror.com/@esbuild/freebsd-arm64@0.19.2
      '@esbuild/freebsd-x64': registry.npmmirror.com/@esbuild/freebsd-x64@0.19.2
      '@esbuild/linux-arm': registry.npmmirror.com/@esbuild/linux-arm@0.19.2
      '@esbuild/linux-arm64': registry.npmmirror.com/@esbuild/linux-arm64@0.19.2
      '@esbuild/linux-ia32': registry.npmmirror.com/@esbuild/linux-ia32@0.19.2
      '@esbuild/linux-loong64': registry.npmmirror.com/@esbuild/linux-loong64@0.19.2
      '@esbuild/linux-mips64el': registry.npmmirror.com/@esbuild/linux-mips64el@0.19.2
      '@esbuild/linux-ppc64': registry.npmmirror.com/@esbuild/linux-ppc64@0.19.2
      '@esbuild/linux-riscv64': registry.npmmirror.com/@esbuild/linux-riscv64@0.19.2
      '@esbuild/linux-s390x': registry.npmmirror.com/@esbuild/linux-s390x@0.19.2
      '@esbuild/linux-x64': registry.npmmirror.com/@esbuild/linux-x64@0.19.2
      '@esbuild/netbsd-x64': registry.npmmirror.com/@esbuild/netbsd-x64@0.19.2
      '@esbuild/openbsd-x64': registry.npmmirror.com/@esbuild/openbsd-x64@0.19.2
      '@esbuild/sunos-x64': registry.npmmirror.com/@esbuild/sunos-x64@0.19.2
      '@esbuild/win32-arm64': registry.npmmirror.com/@esbuild/win32-arm64@0.19.2
      '@esbuild/win32-ia32': registry.npmmirror.com/@esbuild/win32-ia32@0.19.2
      '@esbuild/win32-x64': registry.npmmirror.com/@esbuild/win32-x64@0.19.2
    dev: true

  registry.npmmirror.com/estree-walker@2.0.2:
    resolution: {integrity: sha512-Rfkk/Mp/DL7JVje3u18FxFujQlTNR2q6QfMSMB7AvCBx91NGj/ba3kCfza0f6dVDbw7YlRf/nDrn7pQrCCyQ/w==, registry: http://registry.npm.taobao.org/, tarball: https://registry.npmmirror.com/estree-walker/-/estree-walker-2.0.2.tgz}
    name: estree-walker
    version: 2.0.2
    dev: true

  registry.npmmirror.com/magic-string@0.30.3:
    resolution: {integrity: sha512-B7xGbll2fG/VjP+SWg4sX3JynwIU0mjoTc6MPpKNuIvftk6u6vqhDnk1R80b8C2GBR6ywqy+1DcKBrevBg+bmw==, registry: http://registry.npm.taobao.org/, tarball: https://registry.npmmirror.com/magic-string/-/magic-string-0.30.3.tgz}
    name: magic-string
    version: 0.30.3
    engines: {node: '>=12'}
    dependencies:
      '@jridgewell/sourcemap-codec': registry.npmmirror.com/@jridgewell/sourcemap-codec@1.4.15
    dev: true

  registry.npmmirror.com/minimist@1.2.8:
    resolution: {integrity: sha512-2yyAR8qBkN3YuheJanUpWC5U3bb5osDywNB8RzDVlDwDHbocAJveqqj1u8+SVD7jkWT4yvsHCpWqqWqAxb0zCA==, registry: http://registry.npm.taobao.org/, tarball: https://registry.npmmirror.com/minimist/-/minimist-1.2.8.tgz}
    name: minimist
    version: 1.2.8
    dev: true

  registry.npmmirror.com/nanoid@3.3.6:
    resolution: {integrity: sha512-BGcqMMJuToF7i1rt+2PWSNVnWIkGCU78jBG3RxO/bZlnZPK2Cmi2QaffxGO/2RvWi9sL+FAiRiXMgsyxQ1DIDA==, registry: http://registry.npm.taobao.org/, tarball: https://registry.npmmirror.com/nanoid/-/nanoid-3.3.6.tgz}
    name: nanoid
    version: 3.3.6
    engines: {node: ^10 || ^12 || ^13.7 || ^14 || >=15.0.1}
    hasBin: true
    dev: true

  registry.npmmirror.com/picocolors@1.0.0:
    resolution: {integrity: sha512-1fygroTLlHu66zi26VoTDv8yRgm0Fccecssto+MhsZ0D/DGW2sm8E8AjW7NU5VVTRt5GxbeZ5qBuJr+HyLYkjQ==, registry: http://registry.npm.taobao.org/, tarball: https://registry.npmmirror.com/picocolors/-/picocolors-1.0.0.tgz}
    name: picocolors
    version: 1.0.0
    dev: true

  registry.npmmirror.com/postcss@8.4.29:
    resolution: {integrity: sha512-cbI+jaqIeu/VGqXEarWkRCCffhjgXc0qjBtXpqJhTBohMUjUQnbBr0xqX3vEKudc4iviTewcJo5ajcec5+wdJw==, registry: http://registry.npm.taobao.org/, tarball: https://registry.npmmirror.com/postcss/-/postcss-8.4.29.tgz}
    name: postcss
    version: 8.4.29
    engines: {node: ^10 || ^12 || >=14}
    dependencies:
      nanoid: registry.npmmirror.com/nanoid@3.3.6
      picocolors: registry.npmmirror.com/picocolors@1.0.0
      source-map-js: registry.npmmirror.com/source-map-js@1.0.2
    dev: true

  registry.npmmirror.com/source-map-js@1.0.2:
    resolution: {integrity: sha512-R0XvVJ9WusLiqTCEiGCmICCMplcCkIwwR11mOSD9CR5u+IXYdiseeEuXCVAjS54zqwkLcPNnmU4OeJ6tUrWhDw==, registry: http://registry.npm.taobao.org/, tarball: https://registry.npmmirror.com/source-map-js/-/source-map-js-1.0.2.tgz}
    name: source-map-js
    version: 1.0.2
    engines: {node: '>=0.10.0'}
    dev: true

  registry.npmmirror.com/to-fast-properties@2.0.0:
    resolution: {integrity: sha512-/OaKK0xYrs3DmxRYqL/yDc+FxFUVYhDlXMhRmv3z915w2HF1tnN1omB354j8VUGO/hbRzyD6Y3sA7v7GS/ceog==, registry: http://registry.npm.taobao.org/, tarball: https://registry.npmmirror.com/to-fast-properties/-/to-fast-properties-2.0.0.tgz}
    name: to-fast-properties
    version: 2.0.0
    engines: {node: '>=4'}
    dev: true

  registry.npmmirror.com/typescript@5.2.2:
    resolution: {integrity: sha512-mI4WrpHsbCIcwT9cF4FZvr80QUeKvsUsUvKDoR+X/7XHQH98xYD8YHZg7ANtz2GtZt/CBq2QJ0thkGJMHfqc1w==, registry: http://registry.npm.taobao.org/, tarball: https://registry.npmmirror.com/typescript/-/typescript-5.2.2.tgz}
    name: typescript
    version: 5.2.2
    engines: {node: '>=14.17'}
    hasBin: true
    dev: true

  registry.npmmirror.com/vue@3.3.4:
    resolution: {integrity: sha512-VTyEYn3yvIeY1Py0WaYGZsXnz3y5UnGi62GjVEqvEGPl6nxbOrCXbVOTQWBEJUqAyTUk2uJ5JLVnYJ6ZzGbrSw==, registry: http://registry.npm.taobao.org/, tarball: https://registry.npmmirror.com/vue/-/vue-3.3.4.tgz}
    name: vue
    version: 3.3.4
    dependencies:
      '@vue/compiler-dom': registry.npmmirror.com/@vue/compiler-dom@3.3.4
      '@vue/compiler-sfc': registry.npmmirror.com/@vue/compiler-sfc@3.3.4
      '@vue/runtime-dom': registry.npmmirror.com/@vue/runtime-dom@3.3.4
      '@vue/server-renderer': registry.npmmirror.com/@vue/server-renderer@3.3.4(vue@3.3.4)
      '@vue/shared': registry.npmmirror.com/@vue/shared@3.3.4
    dev: true
