lockfileVersion: '6.0'

settings:
  autoInstallPeers: true
  excludeLinksFromLockfile: false

dependencies:
  rollup:
    specifier: ^4.9.5
    version: 4.9.5

packages:

  /@rollup/rollup-android-arm-eabi@4.9.5:
    resolution: {integrity: sha512-idWaG8xeSRCfRq9KpRysDHJ/rEHBEXcHuJ82XY0yYFIWnLMjZv9vF/7DOq8djQ2n3Lk6+3qfSH8AqlmHlmi1MA==, tarball: http://artifactory.intra.xiaojukeji.com/artifactory/api/npm/npm/@rollup/rollup-android-arm-eabi/-/rollup-android-arm-eabi-4.9.5.tgz?dl=https%3A%2F%2Fregistry.npmmirror.com%2F%40rollup%2Frollup-android-arm-eabi%2F-%2Frollup-android-arm-eabi-4.9.5.tgz}
    requiresBuild: true
    dev: false
    optional: true

  /@rollup/rollup-android-arm64@4.9.5:
    resolution: {integrity: sha512-f14d7uhAMtsCGjAYwZGv6TwuS3IFaM4ZnGMUn3aCBgkcHAYErhV1Ad97WzBvS2o0aaDv4mVz+syiN0ElMyfBPg==, tarball: http://artifactory.intra.xiaojukeji.com/artifactory/api/npm/npm/@rollup/rollup-android-arm64/-/rollup-android-arm64-4.9.5.tgz?dl=https%3A%2F%2Fregistry.npmmirror.com%2F%40rollup%2Frollup-android-arm64%2F-%2Frollup-android-arm64-4.9.5.tgz}
    requiresBuild: true
    dev: false
    optional: true

  /@rollup/rollup-darwin-arm64@4.9.5:
    resolution: {integrity: sha512-ndoXeLx455FffL68OIUrVr89Xu1WLzAG4n65R8roDlCoYiQcGGg6MALvs2Ap9zs7AHg8mpHtMpwC8jBBjZrT/w==, tarball: http://artifactory.intra.xiaojukeji.com/artifactory/api/npm/npm/@rollup/rollup-darwin-arm64/-/rollup-darwin-arm64-4.9.5.tgz?dl=https%3A%2F%2Fregistry.npmmirror.com%2F%40rollup%2Frollup-darwin-arm64%2F-%2Frollup-darwin-arm64-4.9.5.tgz}
    requiresBuild: true
    dev: false
    optional: true

  /@rollup/rollup-darwin-x64@4.9.5:
    resolution: {integrity: sha512-UmElV1OY2m/1KEEqTlIjieKfVwRg0Zwg4PLgNf0s3glAHXBN99KLpw5A5lrSYCa1Kp63czTpVll2MAqbZYIHoA==, tarball: http://artifactory.intra.xiaojukeji.com/artifactory/api/npm/npm/@rollup/rollup-darwin-x64/-/rollup-darwin-x64-4.9.5.tgz?dl=https%3A%2F%2Fregistry.npmmirror.com%2F%40rollup%2Frollup-darwin-x64%2F-%2Frollup-darwin-x64-4.9.5.tgz}
    requiresBuild: true
    dev: false
    optional: true

  /@rollup/rollup-linux-arm-gnueabihf@4.9.5:
    resolution: {integrity: sha512-Q0LcU61v92tQB6ae+udZvOyZ0wfpGojtAKrrpAaIqmJ7+psq4cMIhT/9lfV6UQIpeItnq/2QDROhNLo00lOD1g==, tarball: http://artifactory.intra.xiaojukeji.com/artifactory/api/npm/npm/@rollup/rollup-linux-arm-gnueabihf/-/rollup-linux-arm-gnueabihf-4.9.5.tgz?dl=https%3A%2F%2Fregistry.npmmirror.com%2F%40rollup%2Frollup-linux-arm-gnueabihf%2F-%2Frollup-linux-arm-gnueabihf-4.9.5.tgz}
    requiresBuild: true
    dev: false
    optional: true

  /@rollup/rollup-linux-arm64-gnu@4.9.5:
    resolution: {integrity: sha512-dkRscpM+RrR2Ee3eOQmRWFjmV/payHEOrjyq1VZegRUa5OrZJ2MAxBNs05bZuY0YCtpqETDy1Ix4i/hRqX98cA==, tarball: http://artifactory.intra.xiaojukeji.com/artifactory/api/npm/npm/@rollup/rollup-linux-arm64-gnu/-/rollup-linux-arm64-gnu-4.9.5.tgz?dl=https%3A%2F%2Fregistry.npmmirror.com%2F%40rollup%2Frollup-linux-arm64-gnu%2F-%2Frollup-linux-arm64-gnu-4.9.5.tgz}
    requiresBuild: true
    dev: false
    optional: true

  /@rollup/rollup-linux-arm64-musl@4.9.5:
    resolution: {integrity: sha512-QaKFVOzzST2xzY4MAmiDmURagWLFh+zZtttuEnuNn19AiZ0T3fhPyjPPGwLNdiDT82ZE91hnfJsUiDwF9DClIQ==, tarball: http://artifactory.intra.xiaojukeji.com/artifactory/api/npm/npm/@rollup/rollup-linux-arm64-musl/-/rollup-linux-arm64-musl-4.9.5.tgz?dl=https%3A%2F%2Fregistry.npmmirror.com%2F%40rollup%2Frollup-linux-arm64-musl%2F-%2Frollup-linux-arm64-musl-4.9.5.tgz}
    requiresBuild: true
    dev: false
    optional: true

  /@rollup/rollup-linux-riscv64-gnu@4.9.5:
    resolution: {integrity: sha512-HeGqmRJuyVg6/X6MpE2ur7GbymBPS8Np0S/vQFHDmocfORT+Zt76qu+69NUoxXzGqVP1pzaY6QIi0FJWLC3OPA==, tarball: http://artifactory.intra.xiaojukeji.com/artifactory/api/npm/npm/@rollup/rollup-linux-riscv64-gnu/-/rollup-linux-riscv64-gnu-4.9.5.tgz?dl=https%3A%2F%2Fregistry.npmmirror.com%2F%40rollup%2Frollup-linux-riscv64-gnu%2F-%2Frollup-linux-riscv64-gnu-4.9.5.tgz}
    requiresBuild: true
    dev: false
    optional: true

  /@rollup/rollup-linux-x64-gnu@4.9.5:
    resolution: {integrity: sha512-Dq1bqBdLaZ1Gb/l2e5/+o3B18+8TI9ANlA1SkejZqDgdU/jK/ThYaMPMJpVMMXy2uRHvGKbkz9vheVGdq3cJfA==, tarball: http://artifactory.intra.xiaojukeji.com/artifactory/api/npm/npm/@rollup/rollup-linux-x64-gnu/-/rollup-linux-x64-gnu-4.9.5.tgz?dl=https%3A%2F%2Fregistry.npmmirror.com%2F%40rollup%2Frollup-linux-x64-gnu%2F-%2Frollup-linux-x64-gnu-4.9.5.tgz}
    requiresBuild: true
    dev: false
    optional: true

  /@rollup/rollup-linux-x64-musl@4.9.5:
    resolution: {integrity: sha512-ezyFUOwldYpj7AbkwyW9AJ203peub81CaAIVvckdkyH8EvhEIoKzaMFJj0G4qYJ5sw3BpqhFrsCc30t54HV8vg==, tarball: http://artifactory.intra.xiaojukeji.com/artifactory/api/npm/npm/@rollup/rollup-linux-x64-musl/-/rollup-linux-x64-musl-4.9.5.tgz?dl=https%3A%2F%2Fregistry.npmmirror.com%2F%40rollup%2Frollup-linux-x64-musl%2F-%2Frollup-linux-x64-musl-4.9.5.tgz}
    requiresBuild: true
    dev: false
    optional: true

  /@rollup/rollup-win32-arm64-msvc@4.9.5:
    resolution: {integrity: sha512-aHSsMnUw+0UETB0Hlv7B/ZHOGY5bQdwMKJSzGfDfvyhnpmVxLMGnQPGNE9wgqkLUs3+gbG1Qx02S2LLfJ5GaRQ==, tarball: http://artifactory.intra.xiaojukeji.com/artifactory/api/npm/npm/@rollup/rollup-win32-arm64-msvc/-/rollup-win32-arm64-msvc-4.9.5.tgz?dl=https%3A%2F%2Fregistry.npmmirror.com%2F%40rollup%2Frollup-win32-arm64-msvc%2F-%2Frollup-win32-arm64-msvc-4.9.5.tgz}
    requiresBuild: true
    dev: false
    optional: true

  /@rollup/rollup-win32-ia32-msvc@4.9.5:
    resolution: {integrity: sha512-AiqiLkb9KSf7Lj/o1U3SEP9Zn+5NuVKgFdRIZkvd4N0+bYrTOovVd0+LmYCPQGbocT4kvFyK+LXCDiXPBF3fyA==, tarball: http://artifactory.intra.xiaojukeji.com/artifactory/api/npm/npm/@rollup/rollup-win32-ia32-msvc/-/rollup-win32-ia32-msvc-4.9.5.tgz?dl=https%3A%2F%2Fregistry.npmmirror.com%2F%40rollup%2Frollup-win32-ia32-msvc%2F-%2Frollup-win32-ia32-msvc-4.9.5.tgz}
    requiresBuild: true
    dev: false
    optional: true

  /@rollup/rollup-win32-x64-msvc@4.9.5:
    resolution: {integrity: sha512-1q+mykKE3Vot1kaFJIDoUFv5TuW+QQVaf2FmTT9krg86pQrGStOSJJ0Zil7CFagyxDuouTepzt5Y5TVzyajOdQ==, tarball: http://artifactory.intra.xiaojukeji.com/artifactory/api/npm/npm/@rollup/rollup-win32-x64-msvc/-/rollup-win32-x64-msvc-4.9.5.tgz?dl=https%3A%2F%2Fregistry.npmmirror.com%2F%40rollup%2Frollup-win32-x64-msvc%2F-%2Frollup-win32-x64-msvc-4.9.5.tgz}
    requiresBuild: true
    dev: false
    optional: true

  /@types/estree@1.0.5:
    resolution: {integrity: sha512-/kYRxGDLWzHOB7q+wtSUQlFrtcdUccpfy+X+9iMBpHK8QLLhx2wIPYuS5DYtR9Wa/YlZAbIovy7qVdB1Aq6Lyw==, tarball: http://artifactory.intra.xiaojukeji.com/artifactory/api/npm/npm/@types/estree/-/estree-1.0.5.tgz?dl=https%3A%2F%2Fregistry.npmmirror.com%2F%40types%2Festree%2F-%2Festree-1.0.5.tgz}
    dev: false

  /fsevents@2.3.3:
    resolution: {integrity: sha512-5xoDfX+fL7faATnagmWPpbFtwh/R77WmMMqqHGS65C3vvB0YHrgF+B1YmZ3441tMj5n63k0212XNoJwzlhffQw==, tarball: http://artifactory.intra.xiaojukeji.com/artifactory/api/npm/npm/fsevents/-/fsevents-2.3.3.tgz?dl=https%3A%2F%2Fregistry.npmmirror.com%2Ffsevents%2F-%2Ffsevents-2.3.3.tgz}
    engines: {node: ^8.16.0 || ^10.6.0 || >=11.0.0}
    requiresBuild: true
    dev: false
    optional: true

  /rollup@4.9.5:
    resolution: {integrity: sha512-E4vQW0H/mbNMw2yLSqJyjtkHY9dslf/p0zuT1xehNRqUTBOFMqEjguDvqhXr7N7r/4ttb2jr4T41d3dncmIgbQ==, tarball: http://artifactory.intra.xiaojukeji.com/artifactory/api/npm/npm/rollup/-/rollup-4.9.5.tgz?dl=https%3A%2F%2Fregistry.npmmirror.com%2Frollup%2F-%2Frollup-4.9.5.tgz}
    engines: {node: '>=18.0.0', npm: '>=8.0.0'}
    hasBin: true
    dependencies:
      '@types/estree': 1.0.5
    optionalDependencies:
      '@rollup/rollup-android-arm-eabi': 4.9.5
      '@rollup/rollup-android-arm64': 4.9.5
      '@rollup/rollup-darwin-arm64': 4.9.5
      '@rollup/rollup-darwin-x64': 4.9.5
      '@rollup/rollup-linux-arm-gnueabihf': 4.9.5
      '@rollup/rollup-linux-arm64-gnu': 4.9.5
      '@rollup/rollup-linux-arm64-musl': 4.9.5
      '@rollup/rollup-linux-riscv64-gnu': 4.9.5
      '@rollup/rollup-linux-x64-gnu': 4.9.5
      '@rollup/rollup-linux-x64-musl': 4.9.5
      '@rollup/rollup-win32-arm64-msvc': 4.9.5
      '@rollup/rollup-win32-ia32-msvc': 4.9.5
      '@rollup/rollup-win32-x64-msvc': 4.9.5
      fsevents: 2.3.3
    dev: false
